
Microsoft Visual Studio Solution File, Format Version 12.00
# Visual Studio Version 17
VisualStudioVersion = 17.12.35527.113 d17.12
MinimumVisualStudioVersion = 10.0.40219.1
Project("{FAE04EC0-301F-11D3-BF4B-00C04F79EFBC}") = "EntityFrameworkDemo.Domain", "EntityFrameworkDemo.Domain\EntityFrameworkDemo.Domain.csproj", "{84B35CED-6501-49D0-A1A1-05AE25685F8B}"
EndProject
Project("{FAE04EC0-301F-11D3-BF4B-00C04F79EFBC}") = "EntityFrameworkDemo.Data", "EntityFrameworkDemo.Data\EntityFrameworkDemo.Data.csproj", "{887F0265-A5C1-411C-ABAF-4AD587752151}"
EndProject
Project("{FAE04EC0-301F-11D3-BF4B-00C04F79EFBC}") = "EntityFrameworkDemo.Console", "EntityFrameworkDemo.Console\EntityFrameworkDemo.Console.csproj", "{9D9CA932-0CD5-4170-A0DA-95A70D22D52C}"
EndProject
Global
	GlobalSection(SolutionConfigurationPlatforms) = preSolution
		Debug|Any CPU = Debug|Any CPU
		Release|Any CPU = Release|Any CPU
	EndGlobalSection
	GlobalSection(ProjectConfigurationPlatforms) = postSolution
		{84B35CED-6501-49D0-A1A1-05AE25685F8B}.Debug|Any CPU.ActiveCfg = Debug|Any CPU
		{84B35CED-6501-49D0-A1A1-05AE25685F8B}.Debug|Any CPU.Build.0 = Debug|Any CPU
		{84B35CED-6501-49D0-A1A1-05AE25685F8B}.Release|Any CPU.ActiveCfg = Release|Any CPU
		{84B35CED-6501-49D0-A1A1-05AE25685F8B}.Release|Any CPU.Build.0 = Release|Any CPU
		{887F0265-A5C1-411C-ABAF-4AD587752151}.Debug|Any CPU.ActiveCfg = Debug|Any CPU
		{887F0265-A5C1-411C-ABAF-4AD587752151}.Debug|Any CPU.Build.0 = Debug|Any CPU
		{887F0265-A5C1-411C-ABAF-4AD587752151}.Release|Any CPU.ActiveCfg = Release|Any CPU
		{887F0265-A5C1-411C-ABAF-4AD587752151}.Release|Any CPU.Build.0 = Release|Any CPU
		{9D9CA932-0CD5-4170-A0DA-95A70D22D52C}.Debug|Any CPU.ActiveCfg = Debug|Any CPU
		{9D9CA932-0CD5-4170-A0DA-95A70D22D52C}.Debug|Any CPU.Build.0 = Debug|Any CPU
		{9D9CA932-0CD5-4170-A0DA-95A70D22D52C}.Release|Any CPU.ActiveCfg = Release|Any CPU
		{9D9CA932-0CD5-4170-A0DA-95A70D22D52C}.Release|Any CPU.Build.0 = Release|Any CPU
	EndGlobalSection
	GlobalSection(SolutionProperties) = preSolution
		HideSolutionNode = FALSE
	EndGlobalSection
EndGlobal
